// !$*UTF8*$!
{
	archiveVersion = 1;
	classes = {
	};
	objectVersion = 77;
	objects = {

/* Begin PBXBuildFile section */
		C39AA9E12EBF5D48003185E4 /* WidgetKit.framework in Frameworks */ = {isa = PBXBuildFile; fileRef = C39AA9E02EBF5D48003185E4 /* WidgetKit.framework */; };
		C39AA9E32EBF5D48003185E4 /* SwiftUI.framework in Frameworks */ = {isa = PBXBuildFile; fileRef = C39AA9E22EBF5D48003185E4 /* SwiftUI.framework */; };
		C39AA9F22EBF5D4D003185E4 /* SkrivDetNedWidgetsExtension.appex in Embed Foundation Extensions */ = {isa = PBXBuildFile; fileRef = C39AA9DE2EBF5D48003185E4 /* SkrivDetNedWidgetsExtension.appex */; settings = {ATTRIBUTES = (RemoveHeadersOnCopy, ); }; };
/* End PBXBuildFile section */

/* Begin PBXContainerItemProxy section */
		C39AA9F02EBF5D4D003185E4 /* PBXContainerItemProxy */ = {
			isa = PBXContainerItemProxy;
			containerPortal = C39AA8B22EBE9811003185E4 /* Project object */;
			proxyType = 1;
			remoteGlobalIDString = C39AA9DD2EBF5D48003185E4;
			remoteInfo = SkrivDetNedWidgetsExtension;
		};
/* End PBXContainerItemProxy section */

/* Begin PBXCopyFilesBuildPhase section */
		C39AA9F72EBF5D4D003185E4 /* Embed Foundation Extensions */ = {
			isa = PBXCopyFilesBuildPhase;
			buildActionMask = 2147483647;
			dstPath = "";
			dstSubfolderSpec = 13;
			files = (
				C39AA9F22EBF5D4D003185E4 /* SkrivDetNedWidgetsExtension.appex in Embed Foundation Extensions */,
			);
			name = "Embed Foundation Extensions";
			runOnlyForDeploymentPostprocessing = 0;
		};
/* End PBXCopyFilesBuildPhase section */

/* Begin PBXFileReference section */
		C39AA8BA2EBE9811003185E4 /* SkrivDetNed.app */ = {isa = PBXFileReference; explicitFileType = wrapper.application; includeInIndex = 0; path = SkrivDetNed.app; sourceTree = BUILT_PRODUCTS_DIR; };
		C39AA9DE2EBF5D48003185E4 /* SkrivDetNedWidgetsExtension.appex */ = {isa = PBXFileReference; explicitFileType = "wrapper.app-extension"; includeInIndex = 0; path = SkrivDetNedWidgetsExtension.appex; sourceTree = BUILT_PRODUCTS_DIR; };
		C39AA9E02EBF5D48003185E4 /* WidgetKit.framework */ = {isa = PBXFileReference; lastKnownFileType = wrapper.framework; name = WidgetKit.framework; path = System/Library/Frameworks/WidgetKit.framework; sourceTree = SDKROOT; };
		C39AA9E22EBF5D48003185E4 /* SwiftUI.framework */ = {isa = PBXFileReference; lastKnownFileType = wrapper.framework; name = SwiftUI.framework; path = System/Library/Frameworks/SwiftUI.framework; sourceTree = SDKROOT; };
/* End PBXFileReference section */

/* Begin PBXFileSystemSynchronizedBuildFileExceptionSet section */
		C39AA9F62EBF5D4D003185E4 /* Exceptions for "SkrivDetNedWidgets" folder in "SkrivDetNedWidgetsExtension" target */ = {
			isa = PBXFileSystemSynchronizedBuildFileExceptionSet;
			membershipExceptions = (
				Info.plist,
				RecordingLiveActivityWidget.swift,
			);
			target = C39AA9DD2EBF5D48003185E4 /* SkrivDetNedWidgetsExtension */;
		};
		C39AA9FB2EBF5D7C003185E4 /* Exceptions for "SkrivDetNed" folder in "SkrivDetNedWidgetsExtension" target */ = {
			isa = PBXFileSystemSynchronizedBuildFileExceptionSet;
			membershipExceptions = (
				Assets.xcassets,
				Widgets/RecordingLiveActivityWidget.swift,
			);
			target = C39AA9DD2EBF5D48003185E4 /* SkrivDetNedWidgetsExtension */;
		};
		C39AAA002EBF5E43003185E4 /* Exceptions for "SkrivDetNed" folder in "SkrivDetNed" target */ = {
			isa = PBXFileSystemSynchronizedBuildFileExceptionSet;
			membershipExceptions = (
				Info.plist,
				Widgets/RecordingLiveActivityWidget.swift,
			);
			target = C39AA8B92EBE9811003185E4 /* SkrivDetNed */;
		};
/* End PBXFileSystemSynchronizedBuildFileExceptionSet section */

/* Begin PBXFileSystemSynchronizedRootGroup section */
		C39AA8BC2EBE9811003185E4 /* SkrivDetNed */ = {
			isa = PBXFileSystemSynchronizedRootGroup;
			exceptions = (
				C39AAA002EBF5E43003185E4 /* Exceptions for "SkrivDetNed" folder in "SkrivDetNed" target */,
				C39AA9FB2EBF5D7C003185E4 /* Exceptions for "SkrivDetNed" folder in "SkrivDetNedWidgetsExtension" target */,
			);
			path = SkrivDetNed;
			sourceTree = "<group>";
		};
		C39AA9E42EBF5D48003185E4 /* SkrivDetNedWidgets */ = {
			isa = PBXFileSystemSynchronizedRootGroup;
			exceptions = (
				C39AA9F62EBF5D4D003185E4 /* Exceptions for "SkrivDetNedWidgets" folder in "SkrivDetNedWidgetsExtension" target */,
			);
			path = SkrivDetNedWidgets;
			sourceTree = "<group>";
		};
/* End PBXFileSystemSynchronizedRootGroup section */

/* Begin PBXFrameworksBuildPhase section */
		C39AA8B72EBE9811003185E4 /* Frameworks */ = {
			isa = PBXFrameworksBuildPhase;
			buildActionMask = 2147483647;
			files = (
			);
			runOnlyForDeploymentPostprocessing = 0;
		};
		C39AA9DB2EBF5D48003185E4 /* Frameworks */ = {
			isa = PBXFrameworksBuildPhase;
			buildActionMask = 2147483647;
			files = (
				C39AA9E32EBF5D48003185E4 /* SwiftUI.framework in Frameworks */,
				C39AA9E12EBF5D48003185E4 /* WidgetKit.framework in Frameworks */,
			);
			runOnlyForDeploymentPostprocessing = 0;
		};
/* End PBXFrameworksBuildPhase section */

/* Begin PBXGroup section */
		C39AA8B12EBE9811003185E4 = {
			isa = PBXGroup;
			children = (
				C39AA8BC2EBE9811003185E4 /* SkrivDetNed */,
				C39AA9E42EBF5D48003185E4 /* SkrivDetNedWidgets */,
				C39AA9DF2EBF5D48003185E4 /* Frameworks */,
				C39AA8BB2EBE9811003185E4 /* Products */,
			);
			sourceTree = "<group>";
		};
		C39AA8BB2EBE9811003185E4 /* Products */ = {
			isa = PBXGroup;
			children = (
				C39AA8BA2EBE9811003185E4 /* SkrivDetNed.app */,
				C39AA9DE2EBF5D48003185E4 /* SkrivDetNedWidgetsExtension.appex */,
			);
			name = Products;
			sourceTree = "<group>";
		};
		C39AA9DF2EBF5D48003185E4 /* Frameworks */ = {
			isa = PBXGroup;
			children = (
				C39AA9E02EBF5D48003185E4 /* WidgetKit.framework */,
				C39AA9E22EBF5D48003185E4 /* SwiftUI.framework */,
			);
			name = Frameworks;
			sourceTree = "<group>";
		};
/* End PBXGroup section */

/* Begin PBXNativeTarget section */
		C39AA8B92EBE9811003185E4 /* SkrivDetNed */ = {
			isa = PBXNativeTarget;
			buildConfigurationList = C39AA8C52EBE9815003185E4 /* Build configuration list for PBXNativeTarget "SkrivDetNed" */;
			buildPhases = (
				C39AA8B62EBE9811003185E4 /* Sources */,
				C39AA8B72EBE9811003185E4 /* Frameworks */,
				C39AA8B82EBE9811003185E4 /* Resources */,
				C39AA9F72EBF5D4D003185E4 /* Embed Foundation Extensions */,
			);
			buildRules = (
			);
			dependencies = (
				C39AA9F12EBF5D4D003185E4 /* PBXTargetDependency */,
			);
			fileSystemSynchronizedGroups = (
				C39AA8BC2EBE9811003185E4 /* SkrivDetNed */,
			);
			name = SkrivDetNed;
			packageProductDependencies = (
			);
			productName = SkrivDetNed;
			productReference = C39AA8BA2EBE9811003185E4 /* SkrivDetNed.app */;
			productType = "com.apple.product-type.application";
		};
		C39AA9DD2EBF5D48003185E4 /* SkrivDetNedWidgetsExtension */ = {
			isa = PBXNativeTarget;
			buildConfigurationList = C39AA9F32EBF5D4D003185E4 /* Build configuration list for PBXNativeTarget "SkrivDetNedWidgetsExtension" */;
			buildPhases = (
				C39AA9DA2EBF5D48003185E4 /* Sources */,
				C39AA9DB2EBF5D48003185E4 /* Frameworks */,
				C39AA9DC2EBF5D48003185E4 /* Resources */,
			);
			buildRules = (
			);
			dependencies = (
			);
			fileSystemSynchronizedGroups = (
				C39AA9E42EBF5D48003185E4 /* SkrivDetNedWidgets */,
			);
			name = SkrivDetNedWidgetsExtension;
			packageProductDependencies = (
			);
			productName = SkrivDetNedWidgetsExtension;
			productReference = C39AA9DE2EBF5D48003185E4 /* SkrivDetNedWidgetsExtension.appex */;
			productType = "com.apple.product-type.app-extension";
		};
/* End PBXNativeTarget section */

/* Begin PBXProject section */
		C39AA8B22EBE9811003185E4 /* Project object */ = {
			isa = PBXProject;
			attributes = {
				BuildIndependentTargetsInParallel = 1;
				LastSwiftUpdateCheck = 2610;
				LastUpgradeCheck = 2610;
				TargetAttributes = {
					C39AA8B92EBE9811003185E4 = {
						CreatedOnToolsVersion = 26.1;
					};
					C39AA9DD2EBF5D48003185E4 = {
						CreatedOnToolsVersion = 26.1;
					};
				};
			};
			buildConfigurationList = C39AA8B52EBE9811003185E4 /* Build configuration list for PBXProject "SkrivDetNed" */;
			developmentRegion = en;
			hasScannedForEncodings = 0;
			knownRegions = (
				en,
				Base,
			);
			mainGroup = C39AA8B12EBE9811003185E4;
			minimizedProjectReferenceProxies = 1;
			packageReferences = (
			);
			preferredProjectObjectVersion = 77;
			productRefGroup = C39AA8BB2EBE9811003185E4 /* Products */;
			projectDirPath = "";
			projectRoot = "";
			targets = (
				C39AA8B92EBE9811003185E4 /* SkrivDetNed */,
				C39AA9DD2EBF5D48003185E4 /* SkrivDetNedWidgetsExtension */,
			);
		};
/* End PBXProject section */

/* Begin PBXResourcesBuildPhase section */
		C39AA8B82EBE9811003185E4 /* Resources */ = {
			isa = PBXResourcesBuildPhase;
			buildActionMask = 2147483647;
			files = (
			);
			runOnlyForDeploymentPostprocessing = 0;
		};
		C39AA9DC2EBF5D48003185E4 /* Resources */ = {
			isa = PBXResourcesBuildPhase;
			buildActionMask = 2147483647;
			files = (
			);
			runOnlyForDeploymentPostprocessing = 0;
		};
/* End PBXResourcesBuildPhase section */

/* Begin PBXSourcesBuildPhase section */
		C39AA8B62EBE9811003185E4 /* Sources */ = {
			isa = PBXSourcesBuildPhase;
			buildActionMask = 2147483647;
			files = (
			);
			runOnlyForDeploymentPostprocessing = 0;
		};
		C39AA9DA2EBF5D48003185E4 /* Sources */ = {
			isa = PBXSourcesBuildPhase;
			buildActionMask = 2147483647;
			files = (
			);
			runOnlyForDeploymentPostprocessing = 0;
		};
/* End PBXSourcesBuildPhase section */

/* Begin PBXTargetDependency section */
		C39AA9F12EBF5D4D003185E4 /* PBXTargetDependency */ = {
			isa = PBXTargetDependency;
			target = C39AA9DD2EBF5D48003185E4 /* SkrivDetNedWidgetsExtension */;
			targetProxy = C39AA9F02EBF5D4D003185E4 /* PBXContainerItemProxy */;
		};
/* End PBXTargetDependency section */

/* Begin XCBuildConfiguration section */
		C39AA8C32EBE9815003185E4 /* Debug */ = {
			isa = XCBuildConfiguration;
			buildSettings = {
				ALWAYS_SEARCH_USER_PATHS = NO;
				ASSETCATALOG_COMPILER_GENERATE_SWIFT_ASSET_SYMBOL_EXTENSIONS = YES;
				CLANG_ANALYZER_NONNULL = YES;
				CLANG_ANALYZER_NUMBER_OBJECT_CONVERSION = YES_AGGRESSIVE;
				CLANG_CXX_LANGUAGE_STANDARD = "gnu++20";
				CLANG_ENABLE_MODULES = YES;
				CLANG_ENABLE_OBJC_ARC = YES;
				CLANG_ENABLE_OBJC_WEAK = YES;
				CLANG_WARN_BLOCK_CAPTURE_AUTORELEASING = YES;
				CLANG_WARN_BOOL_CONVERSION = YES;
				CLANG_WARN_COMMA = YES;
				CLANG_WARN_CONSTANT_CONVERSION = YES;
				CLANG_WARN_DEPRECATED_OBJC_IMPLEMENTATIONS = YES;
				CLANG_WARN_DIRECT_OBJC_ISA_USAGE = YES_ERROR;
				CLANG_WARN_DOCUMENTATION_COMMENTS = YES;
				CLANG_WARN_EMPTY_BODY = YES;
				CLANG_WARN_ENUM_CONVERSION = YES;
				CLANG_WARN_INFINITE_RECURSION = YES;
				CLANG_WARN_INT_CONVERSION = YES;
				CLANG_WARN_NON_LITERAL_NULL_CONVERSION = YES;
				CLANG_WARN_OBJC_IMPLICIT_RETAIN_SELF = YES;
				CLANG_WARN_OBJC_LITERAL_CONVERSION = YES;
				CLANG_WARN_OBJC_ROOT_CLASS = YES_ERROR;
				CLANG_WARN_QUOTED_INCLUDE_IN_FRAMEWORK_HEADER = YES;
				CLANG_WARN_RANGE_LOOP_ANALYSIS = YES;
				CLANG_WARN_STRICT_PROTOTYPES = YES;
				CLANG_WARN_SUSPICIOUS_MOVE = YES;
				CLANG_WARN_UNGUARDED_AVAILABILITY = YES_AGGRESSIVE;
				CLANG_WARN_UNREACHABLE_CODE = YES;
				CLANG_WARN__DUPLICATE_METHOD_MATCH = YES;
				COPY_PHASE_STRIP = NO;
				DEBUG_INFORMATION_FORMAT = dwarf;
				DEVELOPMENT_TEAM = 58S8C73Q5Z;
				ENABLE_STRICT_OBJC_MSGSEND = YES;
				ENABLE_TESTABILITY = YES;
				ENABLE_USER_SCRIPT_SANDBOXING = YES;
				GCC_C_LANGUAGE_STANDARD = gnu17;
				GCC_DYNAMIC_NO_PIC = NO;
				GCC_NO_COMMON_BLOCKS = YES;
				GCC_OPTIMIZATION_LEVEL = 0;
				GCC_PREPROCESSOR_DEFINITIONS = (
					"DEBUG=1",
					"$(inherited)",
				);
				GCC_WARN_64_TO_32_BIT_CONVERSION = YES;
				GCC_WARN_ABOUT_RETURN_TYPE = YES_ERROR;
				GCC_WARN_UNDECLARED_SELECTOR = YES;
				GCC_WARN_UNINITIALIZED_AUTOS = YES_AGGRESSIVE;
				GCC_WARN_UNUSED_FUNCTION = YES;
				GCC_WARN_UNUSED_VARIABLE = YES;
				IPHONEOS_DEPLOYMENT_TARGET = 26.1;
				LOCALIZATION_PREFERS_STRING_CATALOGS = YES;
				MTL_ENABLE_DEBUG_INFO = INCLUDE_SOURCE;
				MTL_FAST_MATH = YES;
				ONLY_ACTIVE_ARCH = YES;
				SDKROOT = iphoneos;
				SWIFT_ACTIVE_COMPILATION_CONDITIONS = "DEBUG $(inherited)";
				SWIFT_OPTIMIZATION_LEVEL = "-Onone";
			};
			name = Debug;
		};
		C39AA8C42EBE9815003185E4 /* Release */ = {
			isa = XCBuildConfiguration;
			buildSettings = {
				ALWAYS_SEARCH_USER_PATHS = NO;
				ASSETCATALOG_COMPILER_GENERATE_SWIFT_ASSET_SYMBOL_EXTENSIONS = YES;
				CLANG_ANALYZER_NONNULL = YES;
				CLANG_ANALYZER_NUMBER_OBJECT_CONVERSION = YES_AGGRESSIVE;
				CLANG_CXX_LANGUAGE_STANDARD = "gnu++20";
				CLANG_ENABLE_MODULES = YES;
				CLANG_ENABLE_OBJC_ARC = YES;
				CLANG_ENABLE_OBJC_WEAK = YES;
				CLANG_WARN_BLOCK_CAPTURE_AUTORELEASING = YES;
				CLANG_WARN_BOOL_CONVERSION = YES;
				CLANG_WARN_COMMA = YES;
				CLANG_WARN_CONSTANT_CONVERSION = YES;
				CLANG_WARN_DEPRECATED_OBJC_IMPLEMENTATIONS = YES;
				CLANG_WARN_DIRECT_OBJC_ISA_USAGE = YES_ERROR;
				CLANG_WARN_DOCUMENTATION_COMMENTS = YES;
				CLANG_WARN_EMPTY_BODY = YES;
				CLANG_WARN_ENUM_CONVERSION = YES;
				CLANG_WARN_INFINITE_RECURSION = YES;
				CLANG_WARN_INT_CONVERSION = YES;
				CLANG_WARN_NON_LITERAL_NULL_CONVERSION = YES;
				CLANG_WARN_OBJC_IMPLICIT_RETAIN_SELF = YES;
				CLANG_WARN_OBJC_LITERAL_CONVERSION = YES;
				CLANG_WARN_OBJC_ROOT_CLASS = YES_ERROR;
				CLANG_WARN_QUOTED_INCLUDE_IN_FRAMEWORK_HEADER = YES;
				CLANG_WARN_RANGE_LOOP_ANALYSIS = YES;
				CLANG_WARN_STRICT_PROTOTYPES = YES;
				CLANG_WARN_SUSPICIOUS_MOVE = YES;
				CLANG_WARN_UNGUARDED_AVAILABILITY = YES_AGGRESSIVE;
				CLANG_WARN_UNREACHABLE_CODE = YES;
				CLANG_WARN__DUPLICATE_METHOD_MATCH = YES;
				COPY_PHASE_STRIP = NO;
				DEBUG_INFORMATION_FORMAT = "dwarf-with-dsym";
				DEVELOPMENT_TEAM = 58S8C73Q5Z;
				ENABLE_NS_ASSERTIONS = NO;
				ENABLE_STRICT_OBJC_MSGSEND = YES;
				ENABLE_USER_SCRIPT_SANDBOXING = YES;
				GCC_C_LANGUAGE_STANDARD = gnu17;
				GCC_NO_COMMON_BLOCKS = YES;
				GCC_WARN_64_TO_32_BIT_CONVERSION = YES;
				GCC_WARN_ABOUT_RETURN_TYPE = YES_ERROR;
				GCC_WARN_UNDECLARED_SELECTOR = YES;
				GCC_WARN_UNINITIALIZED_AUTOS = YES_AGGRESSIVE;
				GCC_WARN_UNUSED_FUNCTION = YES;
				GCC_WARN_UNUSED_VARIABLE = YES;
				IPHONEOS_DEPLOYMENT_TARGET = 26.1;
				LOCALIZATION_PREFERS_STRING_CATALOGS = YES;
				MTL_ENABLE_DEBUG_INFO = NO;
				MTL_FAST_MATH = YES;
				SDKROOT = iphoneos;
				SWIFT_COMPILATION_MODE = wholemodule;
				VALIDATE_PRODUCT = YES;
			};
			name = Release;
		};
		C39AA8C62EBE9815003185E4 /* Debug */ = {
			isa = XCBuildConfiguration;
			buildSettings = {
				ASSETCATALOG_COMPILER_APPICON_NAME = AppIcon;
				ASSETCATALOG_COMPILER_GLOBAL_ACCENT_COLOR_NAME = AccentColor;
				CODE_SIGN_ENTITLEMENTS = SkrivDetNed/SkrivDetNed.entitlements;
				CODE_SIGN_STYLE = Automatic;
				CURRENT_PROJECT_VERSION = 1;
				DEVELOPMENT_TEAM = 58S8C73Q5Z;
				ENABLE_PREVIEWS = YES;
				GENERATE_INFOPLIST_FILE = YES;
				INFOPLIST_FILE = SkrivDetNed/Info.plist;
				INFOPLIST_KEY_LSApplicationCategoryType = "public.app-category.productivity";
				INFOPLIST_KEY_NSLocationWhenInUseUsageDescription = "SkrivDetNed kan tilføje din lokation til optagelser, så du nemt kan huske hvor de blev lavet.";
				INFOPLIST_KEY_NSMicrophoneUsageDescription = "SkrivDetNed bruger mikrofonen til at optage lyd, som derefter kan transkriberes til tekst.";
				INFOPLIST_KEY_NSSupportsLiveActivities = YES;
				INFOPLIST_KEY_UIApplicationSceneManifest_Generation = YES;
				INFOPLIST_KEY_UIApplicationSupportsIndirectInputEvents = YES;
				INFOPLIST_KEY_UIBackgroundModes = audio;
				INFOPLIST_KEY_UILaunchScreen_Generation = YES;
				INFOPLIST_KEY_UISupportedInterfaceOrientations_iPad = "UIInterfaceOrientationPortrait UIInterfaceOrientationPortraitUpsideDown UIInterfaceOrientationLandscapeLeft UIInterfaceOrientationLandscapeRight";
				INFOPLIST_KEY_UISupportedInterfaceOrientations_iPhone = "UIInterfaceOrientationPortrait UIInterfaceOrientationLandscapeLeft UIInterfaceOrientationLandscapeRight";
				IPHONEOS_DEPLOYMENT_TARGET = 17.6;
				LD_RUNPATH_SEARCH_PATHS = (
					"$(inherited)",
					"@executable_path/Frameworks",
				);
				MARKETING_VERSION = 2.0;
				PRODUCT_BUNDLE_IDENTIFIER = dk.omdethele.SkrivDetNed;
				PRODUCT_NAME = "$(TARGET_NAME)";
				STRING_CATALOG_GENERATE_SYMBOLS = YES;
				SUPPORTED_PLATFORMS = "iphoneos iphonesimulator";
				SUPPORTS_MACCATALYST = NO;
				SUPPORTS_MAC_DESIGNED_FOR_IPHONE_IPAD = NO;
				SUPPORTS_XR_DESIGNED_FOR_IPHONE_IPAD = NO;
				SWIFT_APPROACHABLE_CONCURRENCY = YES;
				SWIFT_DEFAULT_ACTOR_ISOLATION = MainActor;
				SWIFT_EMIT_LOC_STRINGS = YES;
				SWIFT_UPCOMING_FEATURE_MEMBER_IMPORT_VISIBILITY = YES;
				SWIFT_VERSION = 5.0;
				TARGETED_DEVICE_FAMILY = 1;
			};
			name = Debug;
		};
		C39AA8C72EBE9815003185E4 /* Release */ = {
			isa = XCBuildConfiguration;
			buildSettings = {
				ASSETCATALOG_COMPILER_APPICON_NAME = AppIcon;
				ASSETCATALOG_COMPILER_GLOBAL_ACCENT_COLOR_NAME = AccentColor;
				CODE_SIGN_ENTITLEMENTS = SkrivDetNed/SkrivDetNed.entitlements;
				CODE_SIGN_STYLE = Automatic;
				CURRENT_PROJECT_VERSION = 1;
				DEVELOPMENT_TEAM = 58S8C73Q5Z;
				ENABLE_PREVIEWS = YES;
				GENERATE_INFOPLIST_FILE = YES;
				INFOPLIST_FILE = SkrivDetNed/Info.plist;
				INFOPLIST_KEY_LSApplicationCategoryType = "public.app-category.productivity";
				INFOPLIST_KEY_NSLocationWhenInUseUsageDescription = "SkrivDetNed kan tilføje din lokation til optagelser, så du nemt kan huske hvor de blev lavet.";
				INFOPLIST_KEY_NSMicrophoneUsageDescription = "SkrivDetNed bruger mikrofonen til at optage lyd, som derefter kan transkriberes til tekst.";
				INFOPLIST_KEY_NSSupportsLiveActivities = YES;
				INFOPLIST_KEY_UIApplicationSceneManifest_Generation = YES;
				INFOPLIST_KEY_UIApplicationSupportsIndirectInputEvents = YES;
				INFOPLIST_KEY_UIBackgroundModes = audio;
				INFOPLIST_KEY_UILaunchScreen_Generation = YES;
				INFOPLIST_KEY_UISupportedInterfaceOrientations_iPad = "UIInterfaceOrientationPortrait UIInterfaceOrientationPortraitUpsideDown UIInterfaceOrientationLandscapeLeft UIInterfaceOrientationLandscapeRight";
				INFOPLIST_KEY_UISupportedInterfaceOrientations_iPhone = "UIInterfaceOrientationPortrait UIInterfaceOrientationLandscapeLeft UIInterfaceOrientationLandscapeRight";
				IPHONEOS_DEPLOYMENT_TARGET = 17.6;
				LD_RUNPATH_SEARCH_PATHS = (
					"$(inherited)",
					"@executable_path/Frameworks",
				);
				MARKETING_VERSION = 2.0;
				PRODUCT_BUNDLE_IDENTIFIER = dk.omdethele.SkrivDetNed;
				PRODUCT_NAME = "$(TARGET_NAME)";
				STRING_CATALOG_GENERATE_SYMBOLS = YES;
				SUPPORTED_PLATFORMS = "iphoneos iphonesimulator";
				SUPPORTS_MACCATALYST = NO;
				SUPPORTS_MAC_DESIGNED_FOR_IPHONE_IPAD = NO;
				SUPPORTS_XR_DESIGNED_FOR_IPHONE_IPAD = NO;
				SWIFT_APPROACHABLE_CONCURRENCY = YES;
				SWIFT_DEFAULT_ACTOR_ISOLATION = MainActor;
				SWIFT_EMIT_LOC_STRINGS = YES;
				SWIFT_UPCOMING_FEATURE_MEMBER_IMPORT_VISIBILITY = YES;
				SWIFT_VERSION = 5.0;
				TARGETED_DEVICE_FAMILY = 1;
			};
			name = Release;
		};
		C39AA9F42EBF5D4D003185E4 /* Debug */ = {
			isa = XCBuildConfiguration;
			buildSettings = {
				ASSETCATALOG_COMPILER_GLOBAL_ACCENT_COLOR_NAME = AccentColor;
				ASSETCATALOG_COMPILER_WIDGET_BACKGROUND_COLOR_NAME = WidgetBackground;
				CODE_SIGN_STYLE = Automatic;
				CURRENT_PROJECT_VERSION = 1;
				DEVELOPMENT_TEAM = 58S8C73Q5Z;
				GENERATE_INFOPLIST_FILE = YES;
				INFOPLIST_FILE = SkrivDetNedWidgets/Info.plist;
				INFOPLIST_KEY_CFBundleDisplayName = SkrivDetNedWidgets;
				INFOPLIST_KEY_NSHumanReadableCopyright = "";
				IPHONEOS_DEPLOYMENT_TARGET = 17.6;
				LD_RUNPATH_SEARCH_PATHS = (
					"$(inherited)",
					"@executable_path/Frameworks",
					"@executable_path/../../Frameworks",
				);
				MARKETING_VERSION = 2.0;
				PRODUCT_BUNDLE_IDENTIFIER = dk.omdethele.SkrivDetNed.SkrivDetNedWidgets;
				PRODUCT_NAME = "$(TARGET_NAME)";
				SKIP_INSTALL = YES;
				STRING_CATALOG_GENERATE_SYMBOLS = YES;
				SWIFT_APPROACHABLE_CONCURRENCY = YES;
				SWIFT_EMIT_LOC_STRINGS = YES;
				SWIFT_UPCOMING_FEATURE_MEMBER_IMPORT_VISIBILITY = YES;
				SWIFT_VERSION = 5.0;
				TARGETED_DEVICE_FAMILY = "1,2";
			};
			name = Debug;
		};
		C39AA9F52EBF5D4D003185E4 /* Release */ = {
			isa = XCBuildConfiguration;
			buildSettings = {
				ASSETCATALOG_COMPILER_GLOBAL_ACCENT_COLOR_NAME = AccentColor;
				ASSETCATALOG_COMPILER_WIDGET_BACKGROUND_COLOR_NAME = WidgetBackground;
				CODE_SIGN_STYLE = Automatic;
				CURRENT_PROJECT_VERSION = 1;
				DEVELOPMENT_TEAM = 58S8C73Q5Z;
				GENERATE_INFOPLIST_FILE = YES;
				INFOPLIST_FILE = SkrivDetNedWidgets/Info.plist;
				INFOPLIST_KEY_CFBundleDisplayName = SkrivDetNedWidgets;
				INFOPLIST_KEY_NSHumanReadableCopyright = "";
				IPHONEOS_DEPLOYMENT_TARGET = 17.6;
				LD_RUNPATH_SEARCH_PATHS = (
					"$(inherited)",
					"@executable_path/Frameworks",
					"@executable_path/../../Frameworks",
				);
				MARKETING_VERSION = 2.0;
				PRODUCT_BUNDLE_IDENTIFIER = dk.omdethele.SkrivDetNed.SkrivDetNedWidgets;
				PRODUCT_NAME = "$(TARGET_NAME)";
				SKIP_INSTALL = YES;
				STRING_CATALOG_GENERATE_SYMBOLS = YES;
				SWIFT_APPROACHABLE_CONCURRENCY = YES;
				SWIFT_EMIT_LOC_STRINGS = YES;
				SWIFT_UPCOMING_FEATURE_MEMBER_IMPORT_VISIBILITY = YES;
				SWIFT_VERSION = 5.0;
				TARGETED_DEVICE_FAMILY = "1,2";
			};
			name = Release;
		};
/* End XCBuildConfiguration section */

/* Begin XCConfigurationList section */
		C39AA8B52EBE9811003185E4 /* Build configuration list for PBXProject "SkrivDetNed" */ = {
			isa = XCConfigurationList;
			buildConfigurations = (
				C39AA8C32EBE9815003185E4 /* Debug */,
				C39AA8C42EBE9815003185E4 /* Release */,
			);
			defaultConfigurationIsVisible = 0;
			defaultConfigurationName = Release;
		};
		C39AA8C52EBE9815003185E4 /* Build configuration list for PBXNativeTarget "SkrivDetNed" */ = {
			isa = XCConfigurationList;
			buildConfigurations = (
				C39AA8C62EBE9815003185E4 /* Debug */,
				C39AA8C72EBE9815003185E4 /* Release */,
			);
			defaultConfigurationIsVisible = 0;
			defaultConfigurationName = Release;
		};
		C39AA9F32EBF5D4D003185E4 /* Build configuration list for PBXNativeTarget "SkrivDetNedWidgetsExtension" */ = {
			isa = XCConfigurationList;
			buildConfigurations = (
				C39AA9F42EBF5D4D003185E4 /* Debug */,
				C39AA9F52EBF5D4D003185E4 /* Release */,
			);
			defaultConfigurationIsVisible = 0;
			defaultConfigurationName = Release;
		};
/* End XCConfigurationList section */
	};
	rootObject = C39AA8B22EBE9811003185E4 /* Project object */;
}
